
Microsoft Visual Studio Solution File, Format Version 12.00
# Visual Studio Version 17
VisualStudioVersion = 17.14.36811.4
MinimumVisualStudioVersion = 10.0.40219.1
Project("{FAE04EC0-301F-11D3-BF4B-00C04F79EFBC}") = "TransporteEscolar.Api", "TransporteEscolar.Api\TransporteEscolar.Api.csproj", "{E880186F-24B4-492D-A833-177DF5C2762A}"
EndProject
Project("{FAE04EC0-301F-11D3-BF4B-00C04F79EFBC}") = "TransporteEscolar.Domain", "TransporteEscolar.Domain\TransporteEscolar.Domain.csproj", "{A9E1F251-6A35-4BEA-92B4-A86D6FB2C46A}"
EndProject
Project("{FAE04EC0-301F-11D3-BF4B-00C04F79EFBC}") = "TransporteEscolar.Application", "TransporteEscolar.Application\TransporteEscolar.Application.csproj", "{2860EB53-074D-4708-AF68-F01A29C338BC}"
EndProject
Project("{FAE04EC0-301F-11D3-BF4B-00C04F79EFBC}") = "TransporteEscolar.Infrastructure", "TransporteEscolar.Infrastructure\TransporteEscolar.Infrastructure.csproj", "{10EF3BF4-889B-4C25-9ED0-3572828F0397}"
EndProject
Project("{FAE04EC0-301F-11D3-BF4B-00C04F79EFBC}") = "TransporteEscolar.Tests", "TransporteEscolar.Tests\TransporteEscolar.Tests.csproj", "{91D80E41-4062-47B1-9F28-CDF0263ACD27}"
EndProject
Global
	GlobalSection(SolutionConfigurationPlatforms) = preSolution
		Debug|Any CPU = Debug|Any CPU
		Debug|x64 = Debug|x64
		Debug|x86 = Debug|x86
		Release|Any CPU = Release|Any CPU
		Release|x64 = Release|x64
		Release|x86 = Release|x86
	EndGlobalSection
	GlobalSection(ProjectConfigurationPlatforms) = postSolution
		{E880186F-24B4-492D-A833-177DF5C2762A}.Debug|Any CPU.ActiveCfg = Debug|Any CPU
		{E880186F-24B4-492D-A833-177DF5C2762A}.Debug|Any CPU.Build.0 = Debug|Any CPU
		{E880186F-24B4-492D-A833-177DF5C2762A}.Debug|x64.ActiveCfg = Debug|Any CPU
		{E880186F-24B4-492D-A833-177DF5C2762A}.Debug|x64.Build.0 = Debug|Any CPU
		{E880186F-24B4-492D-A833-177DF5C2762A}.Debug|x86.ActiveCfg = Debug|Any CPU
		{E880186F-24B4-492D-A833-177DF5C2762A}.Debug|x86.Build.0 = Debug|Any CPU
		{E880186F-24B4-492D-A833-177DF5C2762A}.Release|Any CPU.ActiveCfg = Release|Any CPU
		{E880186F-24B4-492D-A833-177DF5C2762A}.Release|Any CPU.Build.0 = Release|Any CPU
		{E880186F-24B4-492D-A833-177DF5C2762A}.Release|x64.ActiveCfg = Release|Any CPU
		{E880186F-24B4-492D-A833-177DF5C2762A}.Release|x64.Build.0 = Release|Any CPU
		{E880186F-24B4-492D-A833-177DF5C2762A}.Release|x86.ActiveCfg = Release|Any CPU
		{E880186F-24B4-492D-A833-177DF5C2762A}.Release|x86.Build.0 = Release|Any CPU
		{A9E1F251-6A35-4BEA-92B4-A86D6FB2C46A}.Debug|Any CPU.ActiveCfg = Debug|Any CPU
		{A9E1F251-6A35-4BEA-92B4-A86D6FB2C46A}.Debug|Any CPU.Build.0 = Debug|Any CPU
		{A9E1F251-6A35-4BEA-92B4-A86D6FB2C46A}.Debug|x64.ActiveCfg = Debug|Any CPU
		{A9E1F251-6A35-4BEA-92B4-A86D6FB2C46A}.Debug|x64.Build.0 = Debug|Any CPU
		{A9E1F251-6A35-4BEA-92B4-A86D6FB2C46A}.Debug|x86.ActiveCfg = Debug|Any CPU
		{A9E1F251-6A35-4BEA-92B4-A86D6FB2C46A}.Debug|x86.Build.0 = Debug|Any CPU
		{A9E1F251-6A35-4BEA-92B4-A86D6FB2C46A}.Release|Any CPU.ActiveCfg = Release|Any CPU
		{A9E1F251-6A35-4BEA-92B4-A86D6FB2C46A}.Release|Any CPU.Build.0 = Release|Any CPU
		{A9E1F251-6A35-4BEA-92B4-A86D6FB2C46A}.Release|x64.ActiveCfg = Release|Any CPU
		{A9E1F251-6A35-4BEA-92B4-A86D6FB2C46A}.Release|x64.Build.0 = Release|Any CPU
		{A9E1F251-6A35-4BEA-92B4-A86D6FB2C46A}.Release|x86.ActiveCfg = Release|Any CPU
		{A9E1F251-6A35-4BEA-92B4-A86D6FB2C46A}.Release|x86.Build.0 = Release|Any CPU
		{2860EB53-074D-4708-AF68-F01A29C338BC}.Debug|Any CPU.ActiveCfg = Debug|Any CPU
		{2860EB53-074D-4708-AF68-F01A29C338BC}.Debug|Any CPU.Build.0 = Debug|Any CPU
		{2860EB53-074D-4708-AF68-F01A29C338BC}.Debug|x64.ActiveCfg = Debug|Any CPU
		{2860EB53-074D-4708-AF68-F01A29C338BC}.Debug|x64.Build.0 = Debug|Any CPU
		{2860EB53-074D-4708-AF68-F01A29C338BC}.Debug|x86.ActiveCfg = Debug|Any CPU
		{2860EB53-074D-4708-AF68-F01A29C338BC}.Debug|x86.Build.0 = Debug|Any CPU
		{2860EB53-074D-4708-AF68-F01A29C338BC}.Release|Any CPU.ActiveCfg = Release|Any CPU
		{2860EB53-074D-4708-AF68-F01A29C338BC}.Release|Any CPU.Build.0 = Release|Any CPU
		{2860EB53-074D-4708-AF68-F01A29C338BC}.Release|x64.ActiveCfg = Release|Any CPU
		{2860EB53-074D-4708-AF68-F01A29C338BC}.Release|x64.Build.0 = Release|Any CPU
		{2860EB53-074D-4708-AF68-F01A29C338BC}.Release|x86.ActiveCfg = Release|Any CPU
		{2860EB53-074D-4708-AF68-F01A29C338BC}.Release|x86.Build.0 = Release|Any CPU
		{10EF3BF4-889B-4C25-9ED0-3572828F0397}.Debug|Any CPU.ActiveCfg = Debug|Any CPU
		{10EF3BF4-889B-4C25-9ED0-3572828F0397}.Debug|Any CPU.Build.0 = Debug|Any CPU
		{10EF3BF4-889B-4C25-9ED0-3572828F0397}.Debug|x64.ActiveCfg = Debug|Any CPU
		{10EF3BF4-889B-4C25-9ED0-3572828F0397}.Debug|x64.Build.0 = Debug|Any CPU
		{10EF3BF4-889B-4C25-9ED0-3572828F0397}.Debug|x86.ActiveCfg = Debug|Any CPU
		{10EF3BF4-889B-4C25-9ED0-3572828F0397}.Debug|x86.Build.0 = Debug|Any CPU
		{10EF3BF4-889B-4C25-9ED0-3572828F0397}.Release|Any CPU.ActiveCfg = Release|Any CPU
		{10EF3BF4-889B-4C25-9ED0-3572828F0397}.Release|Any CPU.Build.0 = Release|Any CPU
		{10EF3BF4-889B-4C25-9ED0-3572828F0397}.Release|x64.ActiveCfg = Release|Any CPU
		{10EF3BF4-889B-4C25-9ED0-3572828F0397}.Release|x64.Build.0 = Release|Any CPU
		{10EF3BF4-889B-4C25-9ED0-3572828F0397}.Release|x86.ActiveCfg = Release|Any CPU
		{10EF3BF4-889B-4C25-9ED0-3572828F0397}.Release|x86.Build.0 = Release|Any CPU
		{91D80E41-4062-47B1-9F28-CDF0263ACD27}.Debug|Any CPU.ActiveCfg = Debug|Any CPU
		{91D80E41-4062-47B1-9F28-CDF0263ACD27}.Debug|Any CPU.Build.0 = Debug|Any CPU
		{91D80E41-4062-47B1-9F28-CDF0263ACD27}.Debug|x64.ActiveCfg = Debug|Any CPU
		{91D80E41-4062-47B1-9F28-CDF0263ACD27}.Debug|x64.Build.0 = Debug|Any CPU
		{91D80E41-4062-47B1-9F28-CDF0263ACD27}.Debug|x86.ActiveCfg = Debug|Any CPU
		{91D80E41-4062-47B1-9F28-CDF0263ACD27}.Debug|x86.Build.0 = Debug|Any CPU
		{91D80E41-4062-47B1-9F28-CDF0263ACD27}.Release|Any CPU.ActiveCfg = Release|Any CPU
		{91D80E41-4062-47B1-9F28-CDF0263ACD27}.Release|Any CPU.Build.0 = Release|Any CPU
		{91D80E41-4062-47B1-9F28-CDF0263ACD27}.Release|x64.ActiveCfg = Release|Any CPU
		{91D80E41-4062-47B1-9F28-CDF0263ACD27}.Release|x64.Build.0 = Release|Any CPU
		{91D80E41-4062-47B1-9F28-CDF0263ACD27}.Release|x86.ActiveCfg = Release|Any CPU
		{91D80E41-4062-47B1-9F28-CDF0263ACD27}.Release|x86.Build.0 = Release|Any CPU
	EndGlobalSection
	GlobalSection(SolutionProperties) = preSolution
		HideSolutionNode = FALSE
	EndGlobalSection
	GlobalSection(ExtensibilityGlobals) = postSolution
		SolutionGuid = {4CE0A5A5-502A-414F-BCA3-4B91EACF8E43}
	EndGlobalSection
EndGlobal
